
Microsoft Visual Studio Solution File, Format Version 12.00
# Visual Studio Version 17
VisualStudioVersion = 17.14.36327.8 d17.14
MinimumVisualStudioVersion = 10.0.40219.1
Project("{FAE04EC0-301F-11D3-BF4B-00C04F79EFBC}") = "LogosAuth", "LogosAuth\LogosAuth.csproj", "{80AD3E3A-F2A4-4F9B-B553-F80A3D1DA186}"
EndProject
Global
	GlobalSection(SolutionConfigurationPlatforms) = preSolution
		Debug|Any CPU = Debug|Any CPU
		Release|Any CPU = Release|Any CPU
	EndGlobalSection
	GlobalSection(ProjectConfigurationPlatforms) = postSolution
		{80AD3E3A-F2A4-4F9B-B553-F80A3D1DA186}.Debug|Any CPU.ActiveCfg = Debug|Any CPU
		{80AD3E3A-F2A4-4F9B-B553-F80A3D1DA186}.Debug|Any CPU.Build.0 = Debug|Any CPU
		{80AD3E3A-F2A4-4F9B-B553-F80A3D1DA186}.Release|Any CPU.ActiveCfg = Release|Any CPU
		{80AD3E3A-F2A4-4F9B-B553-F80A3D1DA186}.Release|Any CPU.Build.0 = Release|Any CPU
	EndGlobalSection
	GlobalSection(SolutionProperties) = preSolution
		HideSolutionNode = FALSE
	EndGlobalSection
	GlobalSection(ExtensibilityGlobals) = postSolution
		SolutionGuid = {78DDA5D8-99AB-462C-81AE-DED3D28CA9CB}
	EndGlobalSection
EndGlobal
